# THIS IS AN AUTOGENERATED FILE. DO NOT EDIT THIS FILE DIRECTLY.
# yarn lockfile v1


"@types/md5@^2.1.33":
  version "2.2.0"
  resolved "https://registry.npmjs.org/@types/md5/-/md5-2.2.0.tgz#cd82e16b95973f94bb03dee40c5b6be4a7fb7fb4"
  integrity sha512-JN8OVL/wiDlCWTPzplsgMPu0uE9Q6blwp68rYsfk2G8aokRUQ8XD9MEhZwihfAiQvoyE+m31m6i3GFXwYWomKQ==
  dependencies:
    "@types/node" "*"

"@types/node@*":
  version "14.10.2"
  resolved "https://registry.npmjs.org/@types/node/-/node-14.10.2.tgz#9b47a2c8e4dabd4db73b57e750b24af689600514"
  integrity sha512-IzMhbDYCpv26pC2wboJ4MMOa9GKtjplXfcAqrMeNJpUUwpM/2ATt2w1JPUXwS6spu856TvKZL2AOmeU2rAxskw==

"@types/node@^12.11.2":
  version "12.12.59"
  resolved "https://registry.npmjs.org/@types/node/-/node-12.12.59.tgz#3a6154c24d4b5bd95bb1ce921ef805fb722f24cc"
  integrity sha512-D2MISWfv2j17aFBAkMD3lQ97vYpXCkAJMJf0mx2eKHNkzXA6Vo9w7A7BWi9fH8sOH1zeFb7fIhOo22z0TtrSag==

charenc@0.0.2:
  version "0.0.2"
  resolved "https://registry.npmjs.org/charenc/-/charenc-0.0.2.tgz#c0a1d2f3a7092e03774bfa83f14c0fc5790a8667"
  integrity sha1-wKHS86cJLgN3S/qD8UwPxXkKhmc=

commander@^3.0.2:
  version "3.0.2"
  resolved "https://registry.npmjs.org/commander/-/commander-3.0.2.tgz#6837c3fb677ad9933d1cfba42dd14d5117d6b39e"
  integrity sha512-Gar0ASD4BDyKC4hl4DwHqDrmvjoxWKZigVnAbn5H1owvm4CxCPdb0HQDehwNYMJpla5+M2tPmPARzhtYuwpHow==

crypt@0.0.2:
  version "0.0.2"
  resolved "https://registry.npmjs.org/crypt/-/crypt-0.0.2.tgz#88d7ff7ec0dfb86f713dc87bbb42d044d3e6c41b"
  integrity sha1-iNf/fsDfuG9xPch7u0LQRNPmxBs=

hhw-node-fanyi@^0.0.2:
  version "0.0.2"
  resolved "https://registry.npmjs.org/hhw-node-fanyi/-/hhw-node-fanyi-0.0.2.tgz#d5f81b662947d9ffdbee82d36e6923819ca2b8b4"
  integrity sha512-37yDlVXmsfiEihszLVbqDVoAdY6lx+xxwoiwPG/aO8yqbHXFeFZ/TFpP6KaMdRX+yt98m0CTkbnb4RifBwX0Qg==
  dependencies:
    commander "^3.0.2"
    md5 "^2.2.1"

is-buffer@~1.1.6:
  version "1.1.6"
  resolved "https://registry.npmjs.org/is-buffer/-/is-buffer-1.1.6.tgz#efaa2ea9daa0d7ab2ea13a97b2b8ad51fefbe8be"
  integrity sha512-NcdALwpXkTm5Zvvbk7owOUSvVvBKDgKP5/ewfXEznmQFfs4ZRmanOeKBTjRVjka3QFoN6XJ+9F3USqfHqTaU5w==

md5@^2.2.1:
  version "2.3.0"
  resolved "https://registry.npmjs.org/md5/-/md5-2.3.0.tgz#c3da9a6aae3a30b46b7b0c349b87b110dc3bda4f"
  integrity sha512-T1GITYmFaKuO91vxyoQMFETst+O71VUPEU3ze5GNzDm0OWdP8v1ziTaAEPUr/3kLsY3Sftgz242A1SetQiDL7g==
  dependencies:
    charenc "0.0.2"
    crypt "0.0.2"
    is-buffer "~1.1.6"
